{
  "version": 4,
  "terraform_version": "1.6.2",
  "serial": 13,
  "lineage": "5c462314-7bad-7a9b-4a35-2cb2bb58a09f",
  "outputs": {
    "collection_enpdoint": {
      "value": "https://pt1x0a3ok7lp5323y23h.us-east-1.aoss.amazonaws.com",
      "type": "string"
    },
    "dashboard_endpoint": {
      "value": "https://pt1x0a3ok7lp5323y23h.us-east-1.aoss.amazonaws.com/_dashboards",
      "type": "string"
    }
  },
  "resources": [
    {
      "mode": "data",
      "type": "aws_caller_identity",
      "name": "current",
      "provider": "provider[\"registry.terraform.io/hashicorp/aws\"]",
      "instances": [
        {
          "schema_version": 0,
          "attributes": {
            "account_id": "353472581086",
            "arn": "arn:aws:iam::353472581086:user/joriz",
            "id": "353472581086",
            "user_id": "AIDAVETE3RXPC27HHI4WA"
          },
          "sensitive_attributes": []
        }
      ]
    },
    {
      "mode": "managed",
      "type": "aws_internet_gateway",
      "name": "igw",
      "provider": "provider[\"registry.terraform.io/hashicorp/aws\"]",
      "instances": [
        {
          "schema_version": 0,
          "attributes": {
            "arn": "arn:aws:ec2:us-east-1:353472581086:internet-gateway/igw-0178533469357cfe2",
            "id": "igw-0178533469357cfe2",
            "owner_id": "353472581086",
            "tags": {
              "Name": "example-igw"
            },
            "tags_all": {
              "Name": "example-igw"
            },
            "timeouts": null,
            "vpc_id": "vpc-014b20ccc6f2b44ef"
          },
          "sensitive_attributes": [],
          "private": "eyJlMmJmYjczMC1lY2FhLTExZTYtOGY4OC0zNDM2M2JjN2M0YzAiOnsiY3JlYXRlIjoxMjAwMDAwMDAwMDAwLCJkZWxldGUiOjEyMDAwMDAwMDAwMDAsInVwZGF0ZSI6MTIwMDAwMDAwMDAwMH19",
          "dependencies": [
            "aws_vpc.vpc"
          ]
        }
      ]
    },
    {
      "mode": "managed",
      "type": "aws_opensearchserverless_access_policy",
      "name": "data_access_policy",
      "provider": "provider[\"registry.terraform.io/hashicorp/aws\"]",
      "instances": [
        {
          "schema_version": 0,
          "attributes": {
            "description": "allow index and collection access",
            "id": "example-data-access-policy",
            "name": "example-data-access-policy",
            "policy": "[{\"Principal\":[\"arn:aws:iam::353472581086:user/joriz\"],\"Rules\":[{\"Permission\":[\"aoss:*\"],\"Resource\":[\"index/example-collection/*\"],\"ResourceType\":\"index\"},{\"Permission\":[\"aoss:*\"],\"Resource\":[\"collection/example-collection\"],\"ResourceType\":\"collection\"}]}]",
            "policy_version": "MTY5ODMwNjU1NzQwMV8x",
            "type": "data"
          },
          "sensitive_attributes": [],
          "dependencies": [
            "data.aws_caller_identity.current"
          ]
        }
      ]
    },
    {
      "mode": "managed",
      "type": "aws_opensearchserverless_collection",
      "name": "collection",
      "provider": "provider[\"registry.terraform.io/hashicorp/aws\"]",
      "instances": [
        {
          "schema_version": 0,
          "attributes": {
            "arn": "arn:aws:aoss:us-east-1:353472581086:collection/pt1x0a3ok7lp5323y23h",
            "collection_endpoint": "https://pt1x0a3ok7lp5323y23h.us-east-1.aoss.amazonaws.com",
            "dashboard_endpoint": "https://pt1x0a3ok7lp5323y23h.us-east-1.aoss.amazonaws.com/_dashboards",
            "description": null,
            "id": "pt1x0a3ok7lp5323y23h",
            "kms_key_arn": "auto",
            "name": "example-collection",
            "tags": null,
            "tags_all": {},
            "timeouts": null,
            "type": "TIMESERIES"
          },
          "sensitive_attributes": [],
          "dependencies": [
            "aws_opensearchserverless_security_policy.encryption_policy"
          ]
        }
      ]
    },
    {
      "mode": "managed",
      "type": "aws_opensearchserverless_security_policy",
      "name": "encryption_policy",
      "provider": "provider[\"registry.terraform.io/hashicorp/aws\"]",
      "instances": [
        {
          "schema_version": 0,
          "attributes": {
            "description": "encryption policy for example-collection",
            "id": "example-encryption-policy",
            "name": "example-encryption-policy",
            "policy": "{\"AWSOwnedKey\":true,\"Rules\":[{\"Resource\":[\"collection/example-collection\"],\"ResourceType\":\"collection\"}]}",
            "policy_version": "MTY5ODMwNjU1NzQwNl8x",
            "type": "encryption"
          },
          "sensitive_attributes": []
        }
      ]
    },
    {
      "mode": "managed",
      "type": "aws_opensearchserverless_security_policy",
      "name": "network_policy",
      "provider": "provider[\"registry.terraform.io/hashicorp/aws\"]",
      "instances": [
        {
          "schema_version": 0,
          "attributes": {
            "description": "public access for dashboard, VPC access for collection endpoint",
            "id": "example-network-policy",
            "name": "example-network-policy",
            "policy": "[{\"AllowFromPublic\":false,\"Description\":\"VPC access for collection endpoint\",\"Rules\":[{\"Resource\":[\"collection/example-collection\"],\"ResourceType\":\"collection\"}],\"SourceVPCEs\":[\"vpce-04d2acb3d2761e599\"]},{\"AllowFromPublic\":true,\"Description\":\"Public access for dashboards\",\"Rules\":[{\"Resource\":[\"collection/example-collection\"],\"ResourceType\":\"dashboard\"}]}]",
            "policy_version": "MTY5ODMwNjY0ODg4MF8x",
            "type": "network"
          },
          "sensitive_attributes": [],
          "dependencies": [
            "aws_opensearchserverless_vpc_endpoint.vpc_endpoint",
            "aws_security_group.security_group",
            "aws_subnet.subnet",
            "aws_vpc.vpc"
          ]
        }
      ]
    },
    {
      "mode": "managed",
      "type": "aws_opensearchserverless_vpc_endpoint",
      "name": "vpc_endpoint",
      "provider": "provider[\"registry.terraform.io/hashicorp/aws\"]",
      "instances": [
        {
          "schema_version": 0,
          "attributes": {
            "id": "vpce-04d2acb3d2761e599",
            "name": "example-vpc-endpoint",
            "security_group_ids": [
              "sg-05bc66128a897a0ae"
            ],
            "subnet_ids": [
              "subnet-0a7efc35193aee98f"
            ],
            "timeouts": null,
            "vpc_id": "vpc-014b20ccc6f2b44ef"
          },
          "sensitive_attributes": [],
          "dependencies": [
            "aws_security_group.security_group",
            "aws_subnet.subnet",
            "aws_vpc.vpc"
          ]
        }
      ]
    },
    {
      "mode": "managed",
      "type": "aws_route_table",
      "name": "route_table",
      "provider": "provider[\"registry.terraform.io/hashicorp/aws\"]",
      "instances": [
        {
          "schema_version": 0,
          "attributes": {
            "arn": "arn:aws:ec2:us-east-1:353472581086:route-table/rtb-03f9744e24faea680",
            "id": "rtb-03f9744e24faea680",
            "owner_id": "353472581086",
            "propagating_vgws": [],
            "route": [
              {
                "carrier_gateway_id": "",
                "cidr_block": "0.0.0.0/0",
                "core_network_arn": "",
                "destination_prefix_list_id": "",
                "egress_only_gateway_id": "",
                "gateway_id": "igw-0178533469357cfe2",
                "ipv6_cidr_block": "",
                "local_gateway_id": "",
                "nat_gateway_id": "",
                "network_interface_id": "",
                "transit_gateway_id": "",
                "vpc_endpoint_id": "",
                "vpc_peering_connection_id": ""
              }
            ],
            "tags": null,
            "tags_all": {},
            "timeouts": null,
            "vpc_id": "vpc-014b20ccc6f2b44ef"
          },
          "sensitive_attributes": [],
          "private": "eyJlMmJmYjczMC1lY2FhLTExZTYtOGY4OC0zNDM2M2JjN2M0YzAiOnsiY3JlYXRlIjozMDAwMDAwMDAwMDAsImRlbGV0ZSI6MzAwMDAwMDAwMDAwLCJ1cGRhdGUiOjEyMDAwMDAwMDAwMH19",
          "dependencies": [
            "aws_internet_gateway.igw",
            "aws_vpc.vpc"
          ]
        }
      ]
    },
    {
      "mode": "managed",
      "type": "aws_route_table_association",
      "name": "route_table_association",
      "provider": "provider[\"registry.terraform.io/hashicorp/aws\"]",
      "instances": [
        {
          "schema_version": 0,
          "attributes": {
            "gateway_id": "",
            "id": "rtbassoc-0a75df8a1a227ff7f",
            "route_table_id": "rtb-03f9744e24faea680",
            "subnet_id": "subnet-0a7efc35193aee98f",
            "timeouts": null
          },
          "sensitive_attributes": [],
          "private": "eyJlMmJmYjczMC1lY2FhLTExZTYtOGY4OC0zNDM2M2JjN2M0YzAiOnsiY3JlYXRlIjozMDAwMDAwMDAwMDAsImRlbGV0ZSI6MzAwMDAwMDAwMDAwLCJ1cGRhdGUiOjEyMDAwMDAwMDAwMH19",
          "dependencies": [
            "aws_internet_gateway.igw",
            "aws_route_table.route_table",
            "aws_subnet.subnet",
            "aws_vpc.vpc"
          ]
        }
      ]
    },
    {
      "mode": "managed",
      "type": "aws_security_group",
      "name": "security_group",
      "provider": "provider[\"registry.terraform.io/hashicorp/aws\"]",
      "instances": [
        {
          "schema_version": 1,
          "attributes": {
            "arn": "arn:aws:ec2:us-east-1:353472581086:security-group/sg-05bc66128a897a0ae",
            "description": "Managed by Terraform",
            "egress": [],
            "id": "sg-05bc66128a897a0ae",
            "ingress": [],
            "name": "terraform-20231026074933581800000004",
            "name_prefix": "terraform-",
            "owner_id": "353472581086",
            "revoke_rules_on_delete": false,
            "tags": {
              "Name": "example-security-group"
            },
            "tags_all": {
              "Name": "example-security-group"
            },
            "timeouts": null,
            "vpc_id": "vpc-014b20ccc6f2b44ef"
          },
          "sensitive_attributes": [],
          "private": "eyJlMmJmYjczMC1lY2FhLTExZTYtOGY4OC0zNDM2M2JjN2M0YzAiOnsiY3JlYXRlIjo2MDAwMDAwMDAwMDAsImRlbGV0ZSI6OTAwMDAwMDAwMDAwfSwic2NoZW1hX3ZlcnNpb24iOiIxIn0=",
          "dependencies": [
            "aws_vpc.vpc"
          ]
        }
      ]
    },
    {
      "mode": "managed",
      "type": "aws_subnet",
      "name": "subnet",
      "provider": "provider[\"registry.terraform.io/hashicorp/aws\"]",
      "instances": [
        {
          "schema_version": 1,
          "attributes": {
            "arn": "arn:aws:ec2:us-east-1:353472581086:subnet/subnet-0a7efc35193aee98f",
            "assign_ipv6_address_on_creation": false,
            "availability_zone": "us-east-1a",
            "availability_zone_id": "use1-az1",
            "cidr_block": "10.0.0.0/16",
            "customer_owned_ipv4_pool": "",
            "enable_dns64": false,
            "enable_lni_at_device_index": 0,
            "enable_resource_name_dns_a_record_on_launch": false,
            "enable_resource_name_dns_aaaa_record_on_launch": false,
            "id": "subnet-0a7efc35193aee98f",
            "ipv6_cidr_block": "",
            "ipv6_cidr_block_association_id": "",
            "ipv6_native": false,
            "map_customer_owned_ip_on_launch": false,
            "map_public_ip_on_launch": false,
            "outpost_arn": "",
            "owner_id": "353472581086",
            "private_dns_hostname_type_on_launch": "ip-name",
            "tags": {
              "Name": "example-subnet"
            },
            "tags_all": {
              "Name": "example-subnet"
            },
            "timeouts": null,
            "vpc_id": "vpc-014b20ccc6f2b44ef"
          },
          "sensitive_attributes": [],
          "private": "eyJlMmJmYjczMC1lY2FhLTExZTYtOGY4OC0zNDM2M2JjN2M0YzAiOnsiY3JlYXRlIjo2MDAwMDAwMDAwMDAsImRlbGV0ZSI6MTIwMDAwMDAwMDAwMH0sInNjaGVtYV92ZXJzaW9uIjoiMSJ9",
          "dependencies": [
            "aws_vpc.vpc"
          ]
        }
      ]
    },
    {
      "mode": "managed",
      "type": "aws_vpc",
      "name": "vpc",
      "provider": "provider[\"registry.terraform.io/hashicorp/aws\"]",
      "instances": [
        {
          "schema_version": 1,
          "attributes": {
            "arn": "arn:aws:ec2:us-east-1:353472581086:vpc/vpc-014b20ccc6f2b44ef",
            "assign_generated_ipv6_cidr_block": false,
            "cidr_block": "10.0.0.0/16",
            "default_network_acl_id": "acl-0ecd176b2df818c4f",
            "default_route_table_id": "rtb-0a54691e1fefdd57d",
            "default_security_group_id": "sg-0fdc1c67da33809d9",
            "dhcp_options_id": "dopt-0bf14009b11189654",
            "enable_dns_hostnames": true,
            "enable_dns_support": true,
            "enable_network_address_usage_metrics": false,
            "id": "vpc-014b20ccc6f2b44ef",
            "instance_tenancy": "default",
            "ipv4_ipam_pool_id": null,
            "ipv4_netmask_length": null,
            "ipv6_association_id": "",
            "ipv6_cidr_block": "",
            "ipv6_cidr_block_network_border_group": "",
            "ipv6_ipam_pool_id": "",
            "ipv6_netmask_length": 0,
            "main_route_table_id": "rtb-0a54691e1fefdd57d",
            "owner_id": "353472581086",
            "tags": {
              "Name": "example-vpc"
            },
            "tags_all": {
              "Name": "example-vpc"
            }
          },
          "sensitive_attributes": [],
          "private": "eyJzY2hlbWFfdmVyc2lvbiI6IjEifQ=="
        }
      ]
    },
    {
      "mode": "managed",
      "type": "aws_vpc_security_group_egress_rule",
      "name": "sg_egress",
      "provider": "provider[\"registry.terraform.io/hashicorp/aws\"]",
      "instances": [
        {
          "schema_version": 0,
          "attributes": {
            "arn": "arn:aws:ec2:us-east-1:353472581086:security-group-rule/sgr-0fc39b450775905d5",
            "cidr_ipv4": "0.0.0.0/0",
            "cidr_ipv6": null,
            "description": null,
            "from_port": null,
            "id": "sgr-0fc39b450775905d5",
            "ip_protocol": "-1",
            "prefix_list_id": null,
            "referenced_security_group_id": null,
            "security_group_id": "sg-05bc66128a897a0ae",
            "security_group_rule_id": "sgr-0fc39b450775905d5",
            "tags": null,
            "tags_all": {},
            "to_port": null
          },
          "sensitive_attributes": [],
          "dependencies": [
            "aws_security_group.security_group",
            "aws_vpc.vpc"
          ]
        }
      ]
    },
    {
      "mode": "managed",
      "type": "aws_vpc_security_group_ingress_rule",
      "name": "sg_ingress",
      "provider": "provider[\"registry.terraform.io/hashicorp/aws\"]",
      "instances": [
        {
          "schema_version": 0,
          "attributes": {
            "arn": "arn:aws:ec2:us-east-1:353472581086:security-group-rule/sgr-0a410f50617048812",
            "cidr_ipv4": null,
            "cidr_ipv6": null,
            "description": null,
            "from_port": null,
            "id": "sgr-0a410f50617048812",
            "ip_protocol": "-1",
            "prefix_list_id": null,
            "referenced_security_group_id": "sg-05bc66128a897a0ae",
            "security_group_id": "sg-05bc66128a897a0ae",
            "security_group_rule_id": "sgr-0a410f50617048812",
            "tags": null,
            "tags_all": {},
            "to_port": null
          },
          "sensitive_attributes": [],
          "dependencies": [
            "aws_security_group.security_group",
            "aws_vpc.vpc"
          ]
        }
      ]
    }
  ],
  "check_results": null
}
